<?xml version="1.0" encoding="utf-8"?>
<Project ToolsVersion="4.0" xmlns="http://schemas.microsoft.com/developer/msbuild/2003">
  <ItemGroup>
    <Filter Include="Source Files">
      <UniqueIdentifier>{4FC737F1-C7A5-4376-A066-2A32D752A2FF}</UniqueIdentifier>
      <Extensions>cpp;c;cc;cxx;def;odl;idl;hpj;bat;asm;asmx</Extensions>
    </Filter>
    <Filter Include="Header Files">
      <UniqueIdentifier>{93995380-89BD-4b04-88EB-625FBE52EBFB}</UniqueIdentifier>
      <Extensions>h;hh;hpp;hxx;hm;inl;inc;xsd</Extensions>
    </Filter>
    <Filter Include="Resource Files">
      <UniqueIdentifier>{67DA6AB6-F800-4c08-8B7A-83BB121AAD01}</UniqueIdentifier>
      <Extensions>rc;ico;cur;bmp;dlg;rc2;rct;bin;rgs;gif;jpg;jpeg;jpe;resx;tiff;tif;png;wav;mfcribbon-ms</Extensions>
    </Filter>
    <Filter Include="OpenCV Detection Cascades">
      <UniqueIdentifier>{cfb04a5f-3f11-4155-83e7-fab084eb23f9}</UniqueIdentifier>
    </Filter>
  </ItemGroup>
  <ItemGroup>
    <ClCompile Include="main.cpp">
      <Filter>Source Files</Filter>
    </ClCompile>
    <ClCompile Include="FaceDetection.cpp">
      <Filter>Source Files</Filter>
    </ClCompile>
    <ClCompile Include="detectInImage.cpp">
      <Filter>Source Files</Filter>
    </ClCompile>
    <ClCompile Include="ImageProcessingMethods.cpp">
      <Filter>Source Files</Filter>
    </ClCompile>
    <ClCompile Include="EyeDetection.cpp">
      <Filter>Source Files</Filter>
    </ClCompile>
    <ClCompile Include="EyeCenterTracker.cpp">
      <Filter>Source Files</Filter>
    </ClCompile>
    <ClCompile Include="Snakuscule.cpp">
      <Filter>Source Files</Filter>
    </ClCompile>
    <ClCompile Include="EyeCornerDetector.cpp">
      <Filter>Source Files</Filter>
    </ClCompile>
    <ClCompile Include="eyeGazeEstimator.cpp">
      <Filter>Source Files</Filter>
    </ClCompile>
  </ItemGroup>
  <ItemGroup>
    <ClInclude Include="EyeCenterDetectionHeaders.h">
      <Filter>Source Files</Filter>
    </ClInclude>
    <ClInclude Include="constants.h">
      <Filter>Source Files</Filter>
    </ClInclude>
  </ItemGroup>
  <ItemGroup>
    <Xml Include="DetectionCascades\haarcascade_eye.xml">
      <Filter>OpenCV Detection Cascades</Filter>
    </Xml>
    <Xml Include="DetectionCascades\haarcascade_eye_tree_eyeglasses.xml">
      <Filter>OpenCV Detection Cascades</Filter>
    </Xml>
    <Xml Include="DetectionCascades\haarcascade_lefteye_2splits.xml">
      <Filter>OpenCV Detection Cascades</Filter>
    </Xml>
    <Xml Include="DetectionCascades\haarcascade_profileface.xml">
      <Filter>OpenCV Detection Cascades</Filter>
    </Xml>
    <Xml Include="DetectionCascades\haarcascade_righteye_2splits.xml">
      <Filter>OpenCV Detection Cascades</Filter>
    </Xml>
    <Xml Include="DetectionCascades\lbpcascade_frontalface.xml">
      <Filter>OpenCV Detection Cascades</Filter>
    </Xml>
  </ItemGroup>
</Project>